// !$*UTF8*$!
{
	archiveVersion = 1;
	classes = {
	};
	objectVersion = 52;
	objects = {

/* Begin PBXBuildFile section */
		A233DCDE2657FD040055EAA9 /* AppApp.swift in Sources */ = {isa = PBXBuildFile; fileRef = A233DCDD2657FD040055EAA9 /* AppApp.swift */; };
		A233DCE02657FD040055EAA9 /* ContentView.swift in Sources */ = {isa = PBXBuildFile; fileRef = A233DCDF2657FD040055EAA9 /* ContentView.swift */; };
		A233DCE22657FD060055EAA9 /* Assets.xcassets in Resources */ = {isa = PBXBuildFile; fileRef = A233DCE12657FD060055EAA9 /* Assets.xcassets */; };
		A233DCE52657FD060055EAA9 /* Preview Assets.xcassets in Resources */ = {isa = PBXBuildFile; fileRef = A233DCE42657FD060055EAA9 /* Preview Assets.xcassets */; };
		A233DCE72657FD060055EAA9 /* Persistence.swift in Sources */ = {isa = PBXBuildFile; fileRef = A233DCE62657FD060055EAA9 /* Persistence.swift */; };
		A233DCEA2657FD060055EAA9 /* App.xcdatamodeld in Sources */ = {isa = PBXBuildFile; fileRef = A233DCE82657FD060055EAA9 /* App.xcdatamodeld */; };
		A233DCF52657FD070055EAA9 /* AppTests.swift in Sources */ = {isa = PBXBuildFile; fileRef = A233DCF42657FD070055EAA9 /* AppTests.swift */; };
		A233DD002657FD070055EAA9 /* AppUITests.swift in Sources */ = {isa = PBXBuildFile; fileRef = A233DCFF2657FD070055EAA9 /* AppUITests.swift */; };
		A233DD11265800E90055EAA9 /* FileServices in Resources */ = {isa = PBXBuildFile; fileRef = A233DD10265800E90055EAA9 /* FileServices */; };
		A233DD18265801860055EAA9 /* FileProtocols in Resources */ = {isa = PBXBuildFile; fileRef = A233DD17265801860055EAA9 /* FileProtocols */; };
		A233DD1A265801950055EAA9 /* FileViewModels in Resources */ = {isa = PBXBuildFile; fileRef = A233DD19265801950055EAA9 /* FileViewModels */; };
		A233DD1C2658019D0055EAA9 /* FileModels in Resources */ = {isa = PBXBuildFile; fileRef = A233DD1B2658019D0055EAA9 /* FileModels */; };
		A233DD1E265801A50055EAA9 /* FileComponents in Resources */ = {isa = PBXBuildFile; fileRef = A233DD1D265801A50055EAA9 /* FileComponents */; };
		A233DD20265801AC0055EAA9 /* FileView in Resources */ = {isa = PBXBuildFile; fileRef = A233DD1F265801AC0055EAA9 /* FileView */; };
		A25FDD26265BEE76005689F5 /* CategoryContent.swift in Sources */ = {isa = PBXBuildFile; fileRef = A25FDD25265BEE76005689F5 /* CategoryContent.swift */; };
		A27CCF4F265DB6200014C65B /* Content+CoreDataClass.swift in Sources */ = {isa = PBXBuildFile; fileRef = A27CCF4D265DB6200014C65B /* Content+CoreDataClass.swift */; };
		A27CCF53265DB63B0014C65B /* CoredataService.swift in Sources */ = {isa = PBXBuildFile; fileRef = A27CCF52265DB63B0014C65B /* CoredataService.swift */; };
		A27CCF56265DB6720014C65B /* ContentRepository.swift in Sources */ = {isa = PBXBuildFile; fileRef = A27CCF55265DB6720014C65B /* ContentRepository.swift */; };
		A27CCF58265DB6A70014C65B /* Content+CoreDataProperties.swift in Sources */ = {isa = PBXBuildFile; fileRef = A27CCF57265DB6A70014C65B /* Content+CoreDataProperties.swift */; };
		A27CCF5A265DB6BC0014C65B /* SwiftUIView.swift in Sources */ = {isa = PBXBuildFile; fileRef = A27CCF59265DB6BC0014C65B /* SwiftUIView.swift */; };
		A27CCF5D265DBC9A0014C65B /* Moodboard+CoreDataClass.swift in Sources */ = {isa = PBXBuildFile; fileRef = A27CCF5B265DBC9A0014C65B /* Moodboard+CoreDataClass.swift */; };
		A27CCF5E265DBC9A0014C65B /* Moodboard+CoreDataProperties.swift in Sources */ = {isa = PBXBuildFile; fileRef = A27CCF5C265DBC9A0014C65B /* Moodboard+CoreDataProperties.swift */; };
		A27CCF60265DCC7D0014C65B /* MoodboardRepository.swift in Sources */ = {isa = PBXBuildFile; fileRef = A27CCF5F265DCC7D0014C65B /* MoodboardRepository.swift */; };
		A27CCF62265DCC990014C65B /* Repository.swift in Sources */ = {isa = PBXBuildFile; fileRef = A27CCF61265DCC990014C65B /* Repository.swift */; };
		A2DF7604265BCDC5009EF1C0 /* PreferencesView.swift in Sources */ = {isa = PBXBuildFile; fileRef = A2DF7603265BCDC5009EF1C0 /* PreferencesView.swift */; };
		A2DF7606265BD5A7009EF1C0 /* CustomButtonView.swift in Sources */ = {isa = PBXBuildFile; fileRef = A2DF7605265BD5A7009EF1C0 /* CustomButtonView.swift */; };
		A2F6DF3F265EEB8900F43692 /* Category+CoreDataClass.swift in Sources */ = {isa = PBXBuildFile; fileRef = A2F6DF3D265EEB8900F43692 /* Category+CoreDataClass.swift */; };
		A2F6DF42265EEF5B00F43692 /* CategoryRepository.swift in Sources */ = {isa = PBXBuildFile; fileRef = A2F6DF41265EEF5B00F43692 /* CategoryRepository.swift */; };
		A2F6DF44265EFAFB00F43692 /* Category+CoreDataProperties.swift in Sources */ = {isa = PBXBuildFile; fileRef = A2F6DF43265EFAFB00F43692 /* Category+CoreDataProperties.swift */; };
		A2F6DF46265F112600F43692 /* PreferencesViewModel.swift in Sources */ = {isa = PBXBuildFile; fileRef = A2F6DF45265F112600F43692 /* PreferencesViewModel.swift */; };
		D1A2B075265BC8F900DAB80F /* MediaModelService.swift in Sources */ = {isa = PBXBuildFile; fileRef = D1A2B074265BC8F900DAB80F /* MediaModelService.swift */; };
		D1CABB6D2659FC3B00C03F10 /* ImageAndVideoResponseData.swift in Sources */ = {isa = PBXBuildFile; fileRef = D1CABB6C2659FC3B00C03F10 /* ImageAndVideoResponseData.swift */; };
		D1CABB6F2659FC7900C03F10 /* PictureResponseData.swift in Sources */ = {isa = PBXBuildFile; fileRef = D1CABB6E2659FC7900C03F10 /* PictureResponseData.swift */; };
		D1CABB712659FCD300C03F10 /* PoetryResponseData.swift in Sources */ = {isa = PBXBuildFile; fileRef = D1CABB702659FCD300C03F10 /* PoetryResponseData.swift */; };
		D1F0D2662659C62C00E89B3D /* RoutesInformations.swift in Sources */ = {isa = PBXBuildFile; fileRef = D1F0D2652659C62C00E89B3D /* RoutesInformations.swift */; };
		D1F0D2692659C71D00E89B3D /* Alamofire in Frameworks */ = {isa = PBXBuildFile; productRef = D1F0D2682659C71D00E89B3D /* Alamofire */; };
		D1F0D26B2659C94F00E89B3D /* PexelsModel.swift in Sources */ = {isa = PBXBuildFile; fileRef = D1F0D26A2659C94F00E89B3D /* PexelsModel.swift */; };
		D1F0D26D2659CC6100E89B3D /* PixabayModel.swift in Sources */ = {isa = PBXBuildFile; fileRef = D1F0D26C2659CC6100E89B3D /* PixabayModel.swift */; };
		D1F0D26F2659CEAE00E89B3D /* RijksmuseumModel.swift in Sources */ = {isa = PBXBuildFile; fileRef = D1F0D26E2659CEAE00E89B3D /* RijksmuseumModel.swift */; };
		D1F0D2712659CF4200E89B3D /* PoetryDBModel.swift in Sources */ = {isa = PBXBuildFile; fileRef = D1F0D2702659CF4200E89B3D /* PoetryDBModel.swift */; };
		D1FF1616265D38FA00ED6A7B /* ResponseProtocols.swift in Sources */ = {isa = PBXBuildFile; fileRef = D1FF1615265D38FA00ED6A7B /* ResponseProtocols.swift */; };
		FE126F90265BCCCA0064F11D /* MoodboardView.swift in Sources */ = {isa = PBXBuildFile; fileRef = FE126F8F265BCCCA0064F11D /* MoodboardView.swift */; };
		FE126F94265BCDCC0064F11D /* SingleCell.swift in Sources */ = {isa = PBXBuildFile; fileRef = FE126F93265BCDCC0064F11D /* SingleCell.swift */; };
		FE126F96265BCDDF0064F11D /* DoubleCell.swift in Sources */ = {isa = PBXBuildFile; fileRef = FE126F95265BCDDF0064F11D /* DoubleCell.swift */; };
		FE126F98265BCDF20064F11D /* TripleCell.swift in Sources */ = {isa = PBXBuildFile; fileRef = FE126F97265BCDF20064F11D /* TripleCell.swift */; };
		FE126F9A265BCE0D0064F11D /* QuadrupleCell.swift in Sources */ = {isa = PBXBuildFile; fileRef = FE126F99265BCE0D0064F11D /* QuadrupleCell.swift */; };
		FE126F9C265BCE270064F11D /* Collection.swift in Sources */ = {isa = PBXBuildFile; fileRef = FE126F9B265BCE270064F11D /* Collection.swift */; };
		FE126FA0265BEA840064F11D /* RootView.swift in Sources */ = {isa = PBXBuildFile; fileRef = FE126F9F265BEA840064F11D /* RootView.swift */; };
		FE754096265D27370059C0FE /* Blur.swift in Sources */ = {isa = PBXBuildFile; fileRef = FE754095265D27370059C0FE /* Blur.swift */; };
		FE754099265D34140059C0FE /* TextAlert.swift in Sources */ = {isa = PBXBuildFile; fileRef = FE754098265D34140059C0FE /* TextAlert.swift */; };
		FE75409B265D34640059C0FE /* UIAlertController.swift in Sources */ = {isa = PBXBuildFile; fileRef = FE75409A265D34640059C0FE /* UIAlertController.swift */; };
		FE75409D265D347C0059C0FE /* AlertWrapper.swift in Sources */ = {isa = PBXBuildFile; fileRef = FE75409C265D347C0059C0FE /* AlertWrapper.swift */; };
		FE75409F265D350A0059C0FE /* ViewExtension.swift in Sources */ = {isa = PBXBuildFile; fileRef = FE75409E265D350A0059C0FE /* ViewExtension.swift */; };
		FE7540A1265D49A70059C0FE /* MoodboardComponent.swift in Sources */ = {isa = PBXBuildFile; fileRef = FE7540A0265D49A70059C0FE /* MoodboardComponent.swift */; };
/* End PBXBuildFile section */

/* Begin PBXContainerItemProxy section */
		A233DCF12657FD070055EAA9 /* PBXContainerItemProxy */ = {
			isa = PBXContainerItemProxy;
			containerPortal = A233DCD22657FD040055EAA9 /* Project object */;
			proxyType = 1;
			remoteGlobalIDString = A233DCD92657FD040055EAA9;
			remoteInfo = App;
		};
		A233DCFC2657FD070055EAA9 /* PBXContainerItemProxy */ = {
			isa = PBXContainerItemProxy;
			containerPortal = A233DCD22657FD040055EAA9 /* Project object */;
			proxyType = 1;
			remoteGlobalIDString = A233DCD92657FD040055EAA9;
			remoteInfo = App;
		};
/* End PBXContainerItemProxy section */

/* Begin PBXFileReference section */
		A233DCDA2657FD040055EAA9 /* App.app */ = {isa = PBXFileReference; explicitFileType = wrapper.application; includeInIndex = 0; path = App.app; sourceTree = BUILT_PRODUCTS_DIR; };
		A233DCDD2657FD040055EAA9 /* AppApp.swift */ = {isa = PBXFileReference; lastKnownFileType = sourcecode.swift; path = AppApp.swift; sourceTree = "<group>"; };
		A233DCDF2657FD040055EAA9 /* ContentView.swift */ = {isa = PBXFileReference; lastKnownFileType = sourcecode.swift; path = ContentView.swift; sourceTree = "<group>"; };
		A233DCE12657FD060055EAA9 /* Assets.xcassets */ = {isa = PBXFileReference; lastKnownFileType = folder.assetcatalog; path = Assets.xcassets; sourceTree = "<group>"; };
		A233DCE42657FD060055EAA9 /* Preview Assets.xcassets */ = {isa = PBXFileReference; lastKnownFileType = folder.assetcatalog; path = "Preview Assets.xcassets"; sourceTree = "<group>"; };
		A233DCE62657FD060055EAA9 /* Persistence.swift */ = {isa = PBXFileReference; lastKnownFileType = sourcecode.swift; path = Persistence.swift; sourceTree = "<group>"; };
		A233DCE92657FD060055EAA9 /* App.xcdatamodel */ = {isa = PBXFileReference; lastKnownFileType = wrapper.xcdatamodel; path = App.xcdatamodel; sourceTree = "<group>"; };
		A233DCEB2657FD060055EAA9 /* Info.plist */ = {isa = PBXFileReference; lastKnownFileType = text.plist.xml; path = Info.plist; sourceTree = "<group>"; };
		A233DCF02657FD070055EAA9 /* AppTests.xctest */ = {isa = PBXFileReference; explicitFileType = wrapper.cfbundle; includeInIndex = 0; path = AppTests.xctest; sourceTree = BUILT_PRODUCTS_DIR; };
		A233DCF42657FD070055EAA9 /* AppTests.swift */ = {isa = PBXFileReference; lastKnownFileType = sourcecode.swift; path = AppTests.swift; sourceTree = "<group>"; };
		A233DCF62657FD070055EAA9 /* Info.plist */ = {isa = PBXFileReference; lastKnownFileType = text.plist.xml; path = Info.plist; sourceTree = "<group>"; };
		A233DCFB2657FD070055EAA9 /* AppUITests.xctest */ = {isa = PBXFileReference; explicitFileType = wrapper.cfbundle; includeInIndex = 0; path = AppUITests.xctest; sourceTree = BUILT_PRODUCTS_DIR; };
		A233DCFF2657FD070055EAA9 /* AppUITests.swift */ = {isa = PBXFileReference; lastKnownFileType = sourcecode.swift; path = AppUITests.swift; sourceTree = "<group>"; };
		A233DD012657FD070055EAA9 /* Info.plist */ = {isa = PBXFileReference; lastKnownFileType = text.plist.xml; path = Info.plist; sourceTree = "<group>"; };
		A233DD10265800E90055EAA9 /* FileServices */ = {isa = PBXFileReference; lastKnownFileType = text; path = FileServices; sourceTree = "<group>"; };
		A233DD17265801860055EAA9 /* FileProtocols */ = {isa = PBXFileReference; lastKnownFileType = text; path = FileProtocols; sourceTree = "<group>"; };
		A233DD19265801950055EAA9 /* FileViewModels */ = {isa = PBXFileReference; lastKnownFileType = text; path = FileViewModels; sourceTree = "<group>"; };
		A233DD1B2658019D0055EAA9 /* FileModels */ = {isa = PBXFileReference; lastKnownFileType = text; path = FileModels; sourceTree = "<group>"; };
		A233DD1D265801A50055EAA9 /* FileComponents */ = {isa = PBXFileReference; lastKnownFileType = text; path = FileComponents; sourceTree = "<group>"; };
		A233DD1F265801AC0055EAA9 /* FileView */ = {isa = PBXFileReference; lastKnownFileType = text; path = FileView; sourceTree = "<group>"; };
		A25FDD25265BEE76005689F5 /* CategoryContent.swift */ = {isa = PBXFileReference; lastKnownFileType = sourcecode.swift; path = CategoryContent.swift; sourceTree = "<group>"; };
		A27CCF4D265DB6200014C65B /* Content+CoreDataClass.swift */ = {isa = PBXFileReference; lastKnownFileType = sourcecode.swift; path = "Content+CoreDataClass.swift"; sourceTree = "<group>"; };
		A27CCF52265DB63B0014C65B /* CoredataService.swift */ = {isa = PBXFileReference; lastKnownFileType = sourcecode.swift; path = CoredataService.swift; sourceTree = "<group>"; };
		A27CCF55265DB6720014C65B /* ContentRepository.swift */ = {isa = PBXFileReference; lastKnownFileType = sourcecode.swift; path = ContentRepository.swift; sourceTree = "<group>"; };
		A27CCF57265DB6A70014C65B /* Content+CoreDataProperties.swift */ = {isa = PBXFileReference; lastKnownFileType = sourcecode.swift; path = "Content+CoreDataProperties.swift"; sourceTree = "<group>"; };
		A27CCF59265DB6BC0014C65B /* SwiftUIView.swift */ = {isa = PBXFileReference; lastKnownFileType = sourcecode.swift; path = SwiftUIView.swift; sourceTree = "<group>"; };
		A27CCF5B265DBC9A0014C65B /* Moodboard+CoreDataClass.swift */ = {isa = PBXFileReference; lastKnownFileType = sourcecode.swift; path = "Moodboard+CoreDataClass.swift"; sourceTree = "<group>"; };
		A27CCF5C265DBC9A0014C65B /* Moodboard+CoreDataProperties.swift */ = {isa = PBXFileReference; lastKnownFileType = sourcecode.swift; path = "Moodboard+CoreDataProperties.swift"; sourceTree = "<group>"; };
		A27CCF5F265DCC7D0014C65B /* MoodboardRepository.swift */ = {isa = PBXFileReference; lastKnownFileType = sourcecode.swift; path = MoodboardRepository.swift; sourceTree = "<group>"; };
		A27CCF61265DCC990014C65B /* Repository.swift */ = {isa = PBXFileReference; lastKnownFileType = sourcecode.swift; path = Repository.swift; sourceTree = "<group>"; };
		A2DF7603265BCDC5009EF1C0 /* PreferencesView.swift */ = {isa = PBXFileReference; lastKnownFileType = sourcecode.swift; path = PreferencesView.swift; sourceTree = "<group>"; };
		A2DF7605265BD5A7009EF1C0 /* CustomButtonView.swift */ = {isa = PBXFileReference; lastKnownFileType = sourcecode.swift; path = CustomButtonView.swift; sourceTree = "<group>"; };
		A2F6DF3D265EEB8900F43692 /* Category+CoreDataClass.swift */ = {isa = PBXFileReference; lastKnownFileType = sourcecode.swift; path = "Category+CoreDataClass.swift"; sourceTree = "<group>"; };
		A2F6DF41265EEF5B00F43692 /* CategoryRepository.swift */ = {isa = PBXFileReference; lastKnownFileType = sourcecode.swift; path = CategoryRepository.swift; sourceTree = "<group>"; };
		A2F6DF43265EFAFB00F43692 /* Category+CoreDataProperties.swift */ = {isa = PBXFileReference; lastKnownFileType = sourcecode.swift; path = "Category+CoreDataProperties.swift"; sourceTree = "<group>"; };
		A2F6DF45265F112600F43692 /* PreferencesViewModel.swift */ = {isa = PBXFileReference; lastKnownFileType = sourcecode.swift; path = PreferencesViewModel.swift; sourceTree = "<group>"; };
		D1A2B074265BC8F900DAB80F /* MediaModelService.swift */ = {isa = PBXFileReference; lastKnownFileType = sourcecode.swift; path = MediaModelService.swift; sourceTree = "<group>"; };
		D1CABB6C2659FC3B00C03F10 /* ImageAndVideoResponseData.swift */ = {isa = PBXFileReference; lastKnownFileType = sourcecode.swift; path = ImageAndVideoResponseData.swift; sourceTree = "<group>"; };
		D1CABB6E2659FC7900C03F10 /* PictureResponseData.swift */ = {isa = PBXFileReference; lastKnownFileType = sourcecode.swift; path = PictureResponseData.swift; sourceTree = "<group>"; };
		D1CABB702659FCD300C03F10 /* PoetryResponseData.swift */ = {isa = PBXFileReference; lastKnownFileType = sourcecode.swift; path = PoetryResponseData.swift; sourceTree = "<group>"; };
		D1F0D2652659C62C00E89B3D /* RoutesInformations.swift */ = {isa = PBXFileReference; lastKnownFileType = sourcecode.swift; path = RoutesInformations.swift; sourceTree = "<group>"; };
		D1F0D26A2659C94F00E89B3D /* PexelsModel.swift */ = {isa = PBXFileReference; lastKnownFileType = sourcecode.swift; path = PexelsModel.swift; sourceTree = "<group>"; };
		D1F0D26C2659CC6100E89B3D /* PixabayModel.swift */ = {isa = PBXFileReference; lastKnownFileType = sourcecode.swift; path = PixabayModel.swift; sourceTree = "<group>"; };
		D1F0D26E2659CEAE00E89B3D /* RijksmuseumModel.swift */ = {isa = PBXFileReference; lastKnownFileType = sourcecode.swift; path = RijksmuseumModel.swift; sourceTree = "<group>"; };
		D1F0D2702659CF4200E89B3D /* PoetryDBModel.swift */ = {isa = PBXFileReference; lastKnownFileType = sourcecode.swift; path = PoetryDBModel.swift; sourceTree = "<group>"; };
		D1FF1615265D38FA00ED6A7B /* ResponseProtocols.swift */ = {isa = PBXFileReference; lastKnownFileType = sourcecode.swift; path = ResponseProtocols.swift; sourceTree = "<group>"; };
		FE126F8F265BCCCA0064F11D /* MoodboardView.swift */ = {isa = PBXFileReference; lastKnownFileType = sourcecode.swift; path = MoodboardView.swift; sourceTree = "<group>"; };
		FE126F93265BCDCC0064F11D /* SingleCell.swift */ = {isa = PBXFileReference; lastKnownFileType = sourcecode.swift; path = SingleCell.swift; sourceTree = "<group>"; };
		FE126F95265BCDDF0064F11D /* DoubleCell.swift */ = {isa = PBXFileReference; lastKnownFileType = sourcecode.swift; path = DoubleCell.swift; sourceTree = "<group>"; };
		FE126F97265BCDF20064F11D /* TripleCell.swift */ = {isa = PBXFileReference; lastKnownFileType = sourcecode.swift; path = TripleCell.swift; sourceTree = "<group>"; };
		FE126F99265BCE0D0064F11D /* QuadrupleCell.swift */ = {isa = PBXFileReference; lastKnownFileType = sourcecode.swift; path = QuadrupleCell.swift; sourceTree = "<group>"; };
		FE126F9B265BCE270064F11D /* Collection.swift */ = {isa = PBXFileReference; lastKnownFileType = sourcecode.swift; path = Collection.swift; sourceTree = "<group>"; };
		FE126F9F265BEA840064F11D /* RootView.swift */ = {isa = PBXFileReference; lastKnownFileType = sourcecode.swift; path = RootView.swift; sourceTree = "<group>"; };
		FE754095265D27370059C0FE /* Blur.swift */ = {isa = PBXFileReference; lastKnownFileType = sourcecode.swift; path = Blur.swift; sourceTree = "<group>"; };
		FE754098265D34140059C0FE /* TextAlert.swift */ = {isa = PBXFileReference; lastKnownFileType = sourcecode.swift; path = TextAlert.swift; sourceTree = "<group>"; };
		FE75409A265D34640059C0FE /* UIAlertController.swift */ = {isa = PBXFileReference; lastKnownFileType = sourcecode.swift; path = UIAlertController.swift; sourceTree = "<group>"; };
		FE75409C265D347C0059C0FE /* AlertWrapper.swift */ = {isa = PBXFileReference; lastKnownFileType = sourcecode.swift; path = AlertWrapper.swift; sourceTree = "<group>"; };
		FE75409E265D350A0059C0FE /* ViewExtension.swift */ = {isa = PBXFileReference; lastKnownFileType = sourcecode.swift; path = ViewExtension.swift; sourceTree = "<group>"; };
		FE7540A0265D49A70059C0FE /* MoodboardComponent.swift */ = {isa = PBXFileReference; lastKnownFileType = sourcecode.swift; path = MoodboardComponent.swift; sourceTree = "<group>"; };
/* End PBXFileReference section */

/* Begin PBXFrameworksBuildPhase section */
		A233DCD72657FD040055EAA9 /* Frameworks */ = {
			isa = PBXFrameworksBuildPhase;
			buildActionMask = 2147483647;
			files = (
				D1F0D2692659C71D00E89B3D /* Alamofire in Frameworks */,
			);
			runOnlyForDeploymentPostprocessing = 0;
		};
		A233DCED2657FD070055EAA9 /* Frameworks */ = {
			isa = PBXFrameworksBuildPhase;
			buildActionMask = 2147483647;
			files = (
			);
			runOnlyForDeploymentPostprocessing = 0;
		};
		A233DCF82657FD070055EAA9 /* Frameworks */ = {
			isa = PBXFrameworksBuildPhase;
			buildActionMask = 2147483647;
			files = (
			);
			runOnlyForDeploymentPostprocessing = 0;
		};
/* End PBXFrameworksBuildPhase section */

/* Begin PBXGroup section */
		A233DCD12657FD040055EAA9 = {
			isa = PBXGroup;
			children = (
				A2F6DF43265EFAFB00F43692 /* Category+CoreDataProperties.swift */,
				A2F6DF3D265EEB8900F43692 /* Category+CoreDataClass.swift */,
				A27CCF5B265DBC9A0014C65B /* Moodboard+CoreDataClass.swift */,
				A27CCF5C265DBC9A0014C65B /* Moodboard+CoreDataProperties.swift */,
				A27CCF57265DB6A70014C65B /* Content+CoreDataProperties.swift */,
				A27CCF4D265DB6200014C65B /* Content+CoreDataClass.swift */,
				A233DCDC2657FD040055EAA9 /* App */,
				A233DCF32657FD070055EAA9 /* AppTests */,
				A233DCFE2657FD070055EAA9 /* AppUITests */,
				A233DCDB2657FD040055EAA9 /* Products */,
			);
			sourceTree = "<group>";
		};
		A233DCDB2657FD040055EAA9 /* Products */ = {
			isa = PBXGroup;
			children = (
				A233DCDA2657FD040055EAA9 /* App.app */,
				A233DCF02657FD070055EAA9 /* AppTests.xctest */,
				A233DCFB2657FD070055EAA9 /* AppUITests.xctest */,
			);
			name = Products;
			sourceTree = "<group>";
		};
		A233DCDC2657FD040055EAA9 /* App */ = {
			isa = PBXGroup;
			children = (
				A233DD152658014E0055EAA9 /* Models */,
				A233DD14265801320055EAA9 /* ViewModels */,
				A233DD13265801270055EAA9 /* Views */,
				A233DD122658011B0055EAA9 /* Protocols */,
				A27CCF54265DB6550014C65B /* Repositories */,
				A233DD0D265800B90055EAA9 /* Services */,
				A233DCDD2657FD040055EAA9 /* AppApp.swift */,
				A233DCDF2657FD040055EAA9 /* ContentView.swift */,
				A233DCE12657FD060055EAA9 /* Assets.xcassets */,
				A233DCE62657FD060055EAA9 /* Persistence.swift */,
				A233DCEB2657FD060055EAA9 /* Info.plist */,
				A233DCE82657FD060055EAA9 /* App.xcdatamodeld */,
				A233DCE32657FD060055EAA9 /* Preview Content */,
			);
			path = App;
			sourceTree = "<group>";
		};
		A233DCE32657FD060055EAA9 /* Preview Content */ = {
			isa = PBXGroup;
			children = (
				A233DCE42657FD060055EAA9 /* Preview Assets.xcassets */,
			);
			path = "Preview Content";
			sourceTree = "<group>";
		};
		A233DCF32657FD070055EAA9 /* AppTests */ = {
			isa = PBXGroup;
			children = (
				A233DCF42657FD070055EAA9 /* AppTests.swift */,
				A233DCF62657FD070055EAA9 /* Info.plist */,
			);
			path = AppTests;
			sourceTree = "<group>";
		};
		A233DCFE2657FD070055EAA9 /* AppUITests */ = {
			isa = PBXGroup;
			children = (
				A233DCFF2657FD070055EAA9 /* AppUITests.swift */,
				A233DD012657FD070055EAA9 /* Info.plist */,
			);
			path = AppUITests;
			sourceTree = "<group>";
		};
		A233DD0D265800B90055EAA9 /* Services */ = {
			isa = PBXGroup;
			children = (
				D1A2B07C265BE21100DAB80F /* Networking */,
				D1F0D2642659C3F800E89B3D /* ApiModels */,
				A27CCF51265DB6290014C65B /* CoredataService */,
				A233DD10265800E90055EAA9 /* FileServices */,
			);
			path = Services;
			sourceTree = "<group>";
		};
		A233DD122658011B0055EAA9 /* Protocols */ = {
			isa = PBXGroup;
			children = (
				A233DD17265801860055EAA9 /* FileProtocols */,
				D1FF1615265D38FA00ED6A7B /* ResponseProtocols.swift */,
				A27CCF61265DCC990014C65B /* Repository.swift */,
			);
			path = Protocols;
			sourceTree = "<group>";
		};
		A233DD13265801270055EAA9 /* Views */ = {
			isa = PBXGroup;
			children = (
				A233DD162658016D0055EAA9 /* Components */,
				A233DD1F265801AC0055EAA9 /* FileView */,
				A2DF7603265BCDC5009EF1C0 /* PreferencesView.swift */,
				FE126F8F265BCCCA0064F11D /* MoodboardView.swift */,
				FE126F9F265BEA840064F11D /* RootView.swift */,
				A27CCF59265DB6BC0014C65B /* SwiftUIView.swift */,
			);
			path = Views;
			sourceTree = "<group>";
		};
		A233DD14265801320055EAA9 /* ViewModels */ = {
			isa = PBXGroup;
			children = (
				A233DD19265801950055EAA9 /* FileViewModels */,
				A2F6DF45265F112600F43692 /* PreferencesViewModel.swift */,
			);
			path = ViewModels;
			sourceTree = "<group>";
		};
		A233DD152658014E0055EAA9 /* Models */ = {
			isa = PBXGroup;
			children = (
				A233DD1B2658019D0055EAA9 /* FileModels */,
				A25FDD25265BEE76005689F5 /* CategoryContent.swift */,
			);
			path = Models;
			sourceTree = "<group>";
		};
		A233DD162658016D0055EAA9 /* Components */ = {
			isa = PBXGroup;
			children = (
				FE754097265D34050059C0FE /* Alert */,
				FE126F91265BCCEE0064F11D /* Collection */,
				FE754095265D27370059C0FE /* Blur.swift */,
				A233DD1D265801A50055EAA9 /* FileComponents */,
				A2DF7605265BD5A7009EF1C0 /* CustomButtonView.swift */,
				FE7540A0265D49A70059C0FE /* MoodboardComponent.swift */,
			);
			path = Components;
			sourceTree = "<group>";
		};
		A27CCF51265DB6290014C65B /* CoredataService */ = {
			isa = PBXGroup;
			children = (
				A27CCF52265DB63B0014C65B /* CoredataService.swift */,
			);
			path = CoredataService;
			sourceTree = "<group>";
		};
		A27CCF54265DB6550014C65B /* Repositories */ = {
			isa = PBXGroup;
			children = (
				A27CCF55265DB6720014C65B /* ContentRepository.swift */,
				A27CCF5F265DCC7D0014C65B /* MoodboardRepository.swift */,
				A2F6DF41265EEF5B00F43692 /* CategoryRepository.swift */,
			);
			path = Repositories;
			sourceTree = "<group>";
		};
		D1A2B07C265BE21100DAB80F /* Networking */ = {
			isa = PBXGroup;
			children = (
				D1A2B074265BC8F900DAB80F /* MediaModelService.swift */,
			);
			path = Networking;
			sourceTree = "<group>";
		};
		D1F0D2642659C3F800E89B3D /* ApiModels */ = {
			isa = PBXGroup;
			children = (
				D1F0D2652659C62C00E89B3D /* RoutesInformations.swift */,
				D1F0D26A2659C94F00E89B3D /* PexelsModel.swift */,
				D1F0D26C2659CC6100E89B3D /* PixabayModel.swift */,
				D1F0D26E2659CEAE00E89B3D /* RijksmuseumModel.swift */,
				D1F0D2702659CF4200E89B3D /* PoetryDBModel.swift */,
				D1CABB6C2659FC3B00C03F10 /* ImageAndVideoResponseData.swift */,
				D1CABB6E2659FC7900C03F10 /* PictureResponseData.swift */,
				D1CABB702659FCD300C03F10 /* PoetryResponseData.swift */,
			);
			path = ApiModels;
			sourceTree = "<group>";
		};
		FE126F91265BCCEE0064F11D /* Collection */ = {
			isa = PBXGroup;
			children = (
				FE126F92265BCDB40064F11D /* Cells */,
				FE126F9B265BCE270064F11D /* Collection.swift */,
			);
			path = Collection;
			sourceTree = "<group>";
		};
		FE126F92265BCDB40064F11D /* Cells */ = {
			isa = PBXGroup;
			children = (
				FE126F93265BCDCC0064F11D /* SingleCell.swift */,
				FE126F95265BCDDF0064F11D /* DoubleCell.swift */,
				FE126F97265BCDF20064F11D /* TripleCell.swift */,
				FE126F99265BCE0D0064F11D /* QuadrupleCell.swift */,
			);
			path = Cells;
			sourceTree = "<group>";
		};
		FE754097265D34050059C0FE /* Alert */ = {
			isa = PBXGroup;
			children = (
				FE754098265D34140059C0FE /* TextAlert.swift */,
				FE75409A265D34640059C0FE /* UIAlertController.swift */,
				FE75409C265D347C0059C0FE /* AlertWrapper.swift */,
				FE75409E265D350A0059C0FE /* ViewExtension.swift */,
			);
			path = Alert;
			sourceTree = "<group>";
		};
/* End PBXGroup section */

/* Begin PBXNativeTarget section */
		A233DCD92657FD040055EAA9 /* App */ = {
			isa = PBXNativeTarget;
			buildConfigurationList = A233DD042657FD070055EAA9 /* Build configuration list for PBXNativeTarget "App" */;
			buildPhases = (
				A233DCD62657FD040055EAA9 /* Sources */,
				A233DCD72657FD040055EAA9 /* Frameworks */,
				A233DCD82657FD040055EAA9 /* Resources */,
				A233DD212658028A0055EAA9 /* ShellScript */,
			);
			buildRules = (
			);
			dependencies = (
			);
			name = App;
			packageProductDependencies = (
				D1F0D2682659C71D00E89B3D /* Alamofire */,
			);
			productName = App;
			productReference = A233DCDA2657FD040055EAA9 /* App.app */;
			productType = "com.apple.product-type.application";
		};
		A233DCEF2657FD070055EAA9 /* AppTests */ = {
			isa = PBXNativeTarget;
			buildConfigurationList = A233DD072657FD070055EAA9 /* Build configuration list for PBXNativeTarget "AppTests" */;
			buildPhases = (
				A233DCEC2657FD070055EAA9 /* Sources */,
				A233DCED2657FD070055EAA9 /* Frameworks */,
				A233DCEE2657FD070055EAA9 /* Resources */,
			);
			buildRules = (
			);
			dependencies = (
				A233DCF22657FD070055EAA9 /* PBXTargetDependency */,
			);
			name = AppTests;
			productName = AppTests;
			productReference = A233DCF02657FD070055EAA9 /* AppTests.xctest */;
			productType = "com.apple.product-type.bundle.unit-test";
		};
		A233DCFA2657FD070055EAA9 /* AppUITests */ = {
			isa = PBXNativeTarget;
			buildConfigurationList = A233DD0A2657FD070055EAA9 /* Build configuration list for PBXNativeTarget "AppUITests" */;
			buildPhases = (
				A233DCF72657FD070055EAA9 /* Sources */,
				A233DCF82657FD070055EAA9 /* Frameworks */,
				A233DCF92657FD070055EAA9 /* Resources */,
			);
			buildRules = (
			);
			dependencies = (
				A233DCFD2657FD070055EAA9 /* PBXTargetDependency */,
			);
			name = AppUITests;
			productName = AppUITests;
			productReference = A233DCFB2657FD070055EAA9 /* AppUITests.xctest */;
			productType = "com.apple.product-type.bundle.ui-testing";
		};
/* End PBXNativeTarget section */

/* Begin PBXProject section */
		A233DCD22657FD040055EAA9 /* Project object */ = {
			isa = PBXProject;
			attributes = {
				LastSwiftUpdateCheck = 1250;
				LastUpgradeCheck = 1250;
				TargetAttributes = {
					A233DCD92657FD040055EAA9 = {
						CreatedOnToolsVersion = 12.5;
					};
					A233DCEF2657FD070055EAA9 = {
						CreatedOnToolsVersion = 12.5;
						TestTargetID = A233DCD92657FD040055EAA9;
					};
					A233DCFA2657FD070055EAA9 = {
						CreatedOnToolsVersion = 12.5;
						TestTargetID = A233DCD92657FD040055EAA9;
					};
				};
			};
			buildConfigurationList = A233DCD52657FD040055EAA9 /* Build configuration list for PBXProject "App" */;
			compatibilityVersion = "Xcode 9.3";
			developmentRegion = en;
			hasScannedForEncodings = 0;
			knownRegions = (
				en,
				Base,
			);
			mainGroup = A233DCD12657FD040055EAA9;
			packageReferences = (
				D1F0D2672659C71D00E89B3D /* XCRemoteSwiftPackageReference "Alamofire" */,
			);
			productRefGroup = A233DCDB2657FD040055EAA9 /* Products */;
			projectDirPath = "";
			projectRoot = "";
			targets = (
				A233DCD92657FD040055EAA9 /* App */,
				A233DCEF2657FD070055EAA9 /* AppTests */,
				A233DCFA2657FD070055EAA9 /* AppUITests */,
			);
		};
/* End PBXProject section */

/* Begin PBXResourcesBuildPhase section */
		A233DCD82657FD040055EAA9 /* Resources */ = {
			isa = PBXResourcesBuildPhase;
			buildActionMask = 2147483647;
			files = (
				A233DD18265801860055EAA9 /* FileProtocols in Resources */,
				A233DCE52657FD060055EAA9 /* Preview Assets.xcassets in Resources */,
				A233DD1E265801A50055EAA9 /* FileComponents in Resources */,
				A233DD1C2658019D0055EAA9 /* FileModels in Resources */,
				A233DD20265801AC0055EAA9 /* FileView in Resources */,
				A233DCE22657FD060055EAA9 /* Assets.xcassets in Resources */,
				A233DD11265800E90055EAA9 /* FileServices in Resources */,
				A233DD1A265801950055EAA9 /* FileViewModels in Resources */,
			);
			runOnlyForDeploymentPostprocessing = 0;
		};
		A233DCEE2657FD070055EAA9 /* Resources */ = {
			isa = PBXResourcesBuildPhase;
			buildActionMask = 2147483647;
			files = (
			);
			runOnlyForDeploymentPostprocessing = 0;
		};
		A233DCF92657FD070055EAA9 /* Resources */ = {
			isa = PBXResourcesBuildPhase;
			buildActionMask = 2147483647;
			files = (
			);
			runOnlyForDeploymentPostprocessing = 0;
		};
/* End PBXResourcesBuildPhase section */

/* Begin PBXShellScriptBuildPhase section */
		A233DD212658028A0055EAA9 /* ShellScript */ = {
			isa = PBXShellScriptBuildPhase;
			buildActionMask = 2147483647;
			files = (
			);
			inputFileListPaths = (
			);
			inputPaths = (
			);
			outputFileListPaths = (
			);
			outputPaths = (
			);
			runOnlyForDeploymentPostprocessing = 0;
			shellPath = /bin/sh;
			shellScript = "if which swiftlint >/dev/null; then\n  swiftlint\nelse\n  echo \"warning: SwiftLint not installed, download from https://github.com/realm/SwiftLint\"\nfi\n\n";
		};
/* End PBXShellScriptBuildPhase section */

/* Begin PBXSourcesBuildPhase section */
		A233DCD62657FD040055EAA9 /* Sources */ = {
			isa = PBXSourcesBuildPhase;
			buildActionMask = 2147483647;
			files = (
				D1CABB6D2659FC3B00C03F10 /* ImageAndVideoResponseData.swift in Sources */,
				A233DCE72657FD060055EAA9 /* Persistence.swift in Sources */,
				D1F0D26F2659CEAE00E89B3D /* RijksmuseumModel.swift in Sources */,
				A233DCEA2657FD060055EAA9 /* App.xcdatamodeld in Sources */,
				D1F0D2662659C62C00E89B3D /* RoutesInformations.swift in Sources */,
				D1F0D26D2659CC6100E89B3D /* PixabayModel.swift in Sources */,
				A27CCF5A265DB6BC0014C65B /* SwiftUIView.swift in Sources */,
				A27CCF62265DCC990014C65B /* Repository.swift in Sources */,
				A27CCF5D265DBC9A0014C65B /* Moodboard+CoreDataClass.swift in Sources */,
				A27CCF58265DB6A70014C65B /* Content+CoreDataProperties.swift in Sources */,
				A27CCF53265DB63B0014C65B /* CoredataService.swift in Sources */,
				A233DCE02657FD040055EAA9 /* ContentView.swift in Sources */,
				D1A2B075265BC8F900DAB80F /* MediaModelService.swift in Sources */,
				A2F6DF3F265EEB8900F43692 /* Category+CoreDataClass.swift in Sources */,
				D1F0D26B2659C94F00E89B3D /* PexelsModel.swift in Sources */,
				A2F6DF42265EEF5B00F43692 /* CategoryRepository.swift in Sources */,
				D1FF1616265D38FA00ED6A7B /* ResponseProtocols.swift in Sources */,
				A27CCF56265DB6720014C65B /* ContentRepository.swift in Sources */,
				A233DCDE2657FD040055EAA9 /* AppApp.swift in Sources */,
				D1F0D2712659CF4200E89B3D /* PoetryDBModel.swift in Sources */,
				D1CABB6F2659FC7900C03F10 /* PictureResponseData.swift in Sources */,
				D1CABB712659FCD300C03F10 /* PoetryResponseData.swift in Sources */,
				A2DF7604265BCDC5009EF1C0 /* PreferencesView.swift in Sources */,
				A25FDD26265BEE76005689F5 /* CategoryContent.swift in Sources */,
				A233DCE72657FD060055EAA9 /* Persistence.swift in Sources */,
				FE126F9C265BCE270064F11D /* Collection.swift in Sources */,
				A233DCEA2657FD060055EAA9 /* App.xcdatamodeld in Sources */,
				A2DF7606265BD5A7009EF1C0 /* CustomButtonView.swift in Sources */,
				FE754099265D34140059C0FE /* TextAlert.swift in Sources */,
				FE75409B265D34640059C0FE /* UIAlertController.swift in Sources */,
				FE75409D265D347C0059C0FE /* AlertWrapper.swift in Sources */,
				FE126F9A265BCE0D0064F11D /* QuadrupleCell.swift in Sources */,
				A2F6DF46265F112600F43692 /* PreferencesViewModel.swift in Sources */,
				A233DCE02657FD040055EAA9 /* ContentView.swift in Sources */,
				FE754096265D27370059C0FE /* Blur.swift in Sources */,
				FE126F98265BCDF20064F11D /* TripleCell.swift in Sources */,
				FE126F94265BCDCC0064F11D /* SingleCell.swift in Sources */,
				FE126F90265BCCCA0064F11D /* MoodboardView.swift in Sources */,
				A233DCDE2657FD040055EAA9 /* AppApp.swift in Sources */,
				FE75409F265D350A0059C0FE /* ViewExtension.swift in Sources */,
				FE7540A1265D49A70059C0FE /* MoodboardComponent.swift in Sources */,
				FE126F96265BCDDF0064F11D /* DoubleCell.swift in Sources */,
				FE126FA0265BEA840064F11D /* RootView.swift in Sources */,
				A27CCF4F265DB6200014C65B /* Content+CoreDataClass.swift in Sources */,
				A27CCF5E265DBC9A0014C65B /* Moodboard+CoreDataProperties.swift in Sources */,
				A27CCF60265DCC7D0014C65B /* MoodboardRepository.swift in Sources */,
				A2F6DF44265EFAFB00F43692 /* Category+CoreDataProperties.swift in Sources */,
			);
			runOnlyForDeploymentPostprocessing = 0;
		};
		A233DCEC2657FD070055EAA9 /* Sources */ = {
			isa = PBXSourcesBuildPhase;
			buildActionMask = 2147483647;
			files = (
				A233DCF52657FD070055EAA9 /* AppTests.swift in Sources */,
			);
			runOnlyForDeploymentPostprocessing = 0;
		};
		A233DCF72657FD070055EAA9 /* Sources */ = {
			isa = PBXSourcesBuildPhase;
			buildActionMask = 2147483647;
			files = (
				A233DD002657FD070055EAA9 /* AppUITests.swift in Sources */,
			);
			runOnlyForDeploymentPostprocessing = 0;
		};
/* End PBXSourcesBuildPhase section */

/* Begin PBXTargetDependency section */
		A233DCF22657FD070055EAA9 /* PBXTargetDependency */ = {
			isa = PBXTargetDependency;
			target = A233DCD92657FD040055EAA9 /* App */;
			targetProxy = A233DCF12657FD070055EAA9 /* PBXContainerItemProxy */;
		};
		A233DCFD2657FD070055EAA9 /* PBXTargetDependency */ = {
			isa = PBXTargetDependency;
			target = A233DCD92657FD040055EAA9 /* App */;
			targetProxy = A233DCFC2657FD070055EAA9 /* PBXContainerItemProxy */;
		};
/* End PBXTargetDependency section */

/* Begin XCBuildConfiguration section */
		A233DD022657FD070055EAA9 /* Debug */ = {
			isa = XCBuildConfiguration;
			buildSettings = {
				ALWAYS_SEARCH_USER_PATHS = NO;
				CLANG_ANALYZER_NONNULL = YES;
				CLANG_ANALYZER_NUMBER_OBJECT_CONVERSION = YES_AGGRESSIVE;
				CLANG_CXX_LANGUAGE_STANDARD = "gnu++14";
				CLANG_CXX_LIBRARY = "libc++";
				CLANG_ENABLE_MODULES = YES;
				CLANG_ENABLE_OBJC_ARC = YES;
				CLANG_ENABLE_OBJC_WEAK = YES;
				CLANG_WARN_BLOCK_CAPTURE_AUTORELEASING = YES;
				CLANG_WARN_BOOL_CONVERSION = YES;
				CLANG_WARN_COMMA = YES;
				CLANG_WARN_CONSTANT_CONVERSION = YES;
				CLANG_WARN_DEPRECATED_OBJC_IMPLEMENTATIONS = YES;
				CLANG_WARN_DIRECT_OBJC_ISA_USAGE = YES_ERROR;
				CLANG_WARN_DOCUMENTATION_COMMENTS = YES;
				CLANG_WARN_EMPTY_BODY = YES;
				CLANG_WARN_ENUM_CONVERSION = YES;
				CLANG_WARN_INFINITE_RECURSION = YES;
				CLANG_WARN_INT_CONVERSION = YES;
				CLANG_WARN_NON_LITERAL_NULL_CONVERSION = YES;
				CLANG_WARN_OBJC_IMPLICIT_RETAIN_SELF = YES;
				CLANG_WARN_OBJC_LITERAL_CONVERSION = YES;
				CLANG_WARN_OBJC_ROOT_CLASS = YES_ERROR;
				CLANG_WARN_QUOTED_INCLUDE_IN_FRAMEWORK_HEADER = YES;
				CLANG_WARN_RANGE_LOOP_ANALYSIS = YES;
				CLANG_WARN_STRICT_PROTOTYPES = YES;
				CLANG_WARN_SUSPICIOUS_MOVE = YES;
				CLANG_WARN_UNGUARDED_AVAILABILITY = YES_AGGRESSIVE;
				CLANG_WARN_UNREACHABLE_CODE = YES;
				CLANG_WARN__DUPLICATE_METHOD_MATCH = YES;
				COPY_PHASE_STRIP = NO;
				DEBUG_INFORMATION_FORMAT = dwarf;
				ENABLE_STRICT_OBJC_MSGSEND = YES;
				ENABLE_TESTABILITY = YES;
				GCC_C_LANGUAGE_STANDARD = gnu11;
				GCC_DYNAMIC_NO_PIC = NO;
				GCC_NO_COMMON_BLOCKS = YES;
				GCC_OPTIMIZATION_LEVEL = 0;
				GCC_PREPROCESSOR_DEFINITIONS = (
					"DEBUG=1",
					"$(inherited)",
				);
				GCC_WARN_64_TO_32_BIT_CONVERSION = YES;
				GCC_WARN_ABOUT_RETURN_TYPE = YES_ERROR;
				GCC_WARN_UNDECLARED_SELECTOR = YES;
				GCC_WARN_UNINITIALIZED_AUTOS = YES_AGGRESSIVE;
				GCC_WARN_UNUSED_FUNCTION = YES;
				GCC_WARN_UNUSED_VARIABLE = YES;
				IPHONEOS_DEPLOYMENT_TARGET = 14.1;
				MTL_ENABLE_DEBUG_INFO = INCLUDE_SOURCE;
				MTL_FAST_MATH = YES;
				ONLY_ACTIVE_ARCH = YES;
				SDKROOT = iphoneos;
				SWIFT_ACTIVE_COMPILATION_CONDITIONS = DEBUG;
				SWIFT_OPTIMIZATION_LEVEL = "-Onone";
			};
			name = Debug;
		};
		A233DD032657FD070055EAA9 /* Release */ = {
			isa = XCBuildConfiguration;
			buildSettings = {
				ALWAYS_SEARCH_USER_PATHS = NO;
				CLANG_ANALYZER_NONNULL = YES;
				CLANG_ANALYZER_NUMBER_OBJECT_CONVERSION = YES_AGGRESSIVE;
				CLANG_CXX_LANGUAGE_STANDARD = "gnu++14";
				CLANG_CXX_LIBRARY = "libc++";
				CLANG_ENABLE_MODULES = YES;
				CLANG_ENABLE_OBJC_ARC = YES;
				CLANG_ENABLE_OBJC_WEAK = YES;
				CLANG_WARN_BLOCK_CAPTURE_AUTORELEASING = YES;
				CLANG_WARN_BOOL_CONVERSION = YES;
				CLANG_WARN_COMMA = YES;
				CLANG_WARN_CONSTANT_CONVERSION = YES;
				CLANG_WARN_DEPRECATED_OBJC_IMPLEMENTATIONS = YES;
				CLANG_WARN_DIRECT_OBJC_ISA_USAGE = YES_ERROR;
				CLANG_WARN_DOCUMENTATION_COMMENTS = YES;
				CLANG_WARN_EMPTY_BODY = YES;
				CLANG_WARN_ENUM_CONVERSION = YES;
				CLANG_WARN_INFINITE_RECURSION = YES;
				CLANG_WARN_INT_CONVERSION = YES;
				CLANG_WARN_NON_LITERAL_NULL_CONVERSION = YES;
				CLANG_WARN_OBJC_IMPLICIT_RETAIN_SELF = YES;
				CLANG_WARN_OBJC_LITERAL_CONVERSION = YES;
				CLANG_WARN_OBJC_ROOT_CLASS = YES_ERROR;
				CLANG_WARN_QUOTED_INCLUDE_IN_FRAMEWORK_HEADER = YES;
				CLANG_WARN_RANGE_LOOP_ANALYSIS = YES;
				CLANG_WARN_STRICT_PROTOTYPES = YES;
				CLANG_WARN_SUSPICIOUS_MOVE = YES;
				CLANG_WARN_UNGUARDED_AVAILABILITY = YES_AGGRESSIVE;
				CLANG_WARN_UNREACHABLE_CODE = YES;
				CLANG_WARN__DUPLICATE_METHOD_MATCH = YES;
				COPY_PHASE_STRIP = NO;
				DEBUG_INFORMATION_FORMAT = "dwarf-with-dsym";
				ENABLE_NS_ASSERTIONS = NO;
				ENABLE_STRICT_OBJC_MSGSEND = YES;
				GCC_C_LANGUAGE_STANDARD = gnu11;
				GCC_NO_COMMON_BLOCKS = YES;
				GCC_WARN_64_TO_32_BIT_CONVERSION = YES;
				GCC_WARN_ABOUT_RETURN_TYPE = YES_ERROR;
				GCC_WARN_UNDECLARED_SELECTOR = YES;
				GCC_WARN_UNINITIALIZED_AUTOS = YES_AGGRESSIVE;
				GCC_WARN_UNUSED_FUNCTION = YES;
				GCC_WARN_UNUSED_VARIABLE = YES;
				IPHONEOS_DEPLOYMENT_TARGET = 14.1;
				MTL_ENABLE_DEBUG_INFO = NO;
				MTL_FAST_MATH = YES;
				SDKROOT = iphoneos;
				SWIFT_COMPILATION_MODE = wholemodule;
				SWIFT_OPTIMIZATION_LEVEL = "-O";
				VALIDATE_PRODUCT = YES;
			};
			name = Release;
		};
		A233DD052657FD070055EAA9 /* Debug */ = {
			isa = XCBuildConfiguration;
			buildSettings = {
				ASSETCATALOG_COMPILER_APPICON_NAME = AppIcon;
				ASSETCATALOG_COMPILER_GLOBAL_ACCENT_COLOR_NAME = AccentColor;
				CODE_SIGN_STYLE = Automatic;
				DEVELOPMENT_ASSET_PATHS = "\"App/Preview Content\"";
				DEVELOPMENT_TEAM = "";
				ENABLE_PREVIEWS = YES;
				INFOPLIST_FILE = App/Info.plist;
				IPHONEOS_DEPLOYMENT_TARGET = 14.0;
				LD_RUNPATH_SEARCH_PATHS = (
					"$(inherited)",
					"@executable_path/Frameworks",
				);
				PRODUCT_BUNDLE_IDENTIFIER = josejoao.App;
				PRODUCT_NAME = "$(TARGET_NAME)";
				SWIFT_VERSION = 5.0;
				TARGETED_DEVICE_FAMILY = "1,2";
			};
			name = Debug;
		};
		A233DD062657FD070055EAA9 /* Release */ = {
			isa = XCBuildConfiguration;
			buildSettings = {
				ASSETCATALOG_COMPILER_APPICON_NAME = AppIcon;
				ASSETCATALOG_COMPILER_GLOBAL_ACCENT_COLOR_NAME = AccentColor;
				CODE_SIGN_STYLE = Automatic;
				DEVELOPMENT_ASSET_PATHS = "\"App/Preview Content\"";
				DEVELOPMENT_TEAM = "";
				ENABLE_PREVIEWS = YES;
				INFOPLIST_FILE = App/Info.plist;
				IPHONEOS_DEPLOYMENT_TARGET = 14.0;
				LD_RUNPATH_SEARCH_PATHS = (
					"$(inherited)",
					"@executable_path/Frameworks",
				);
				PRODUCT_BUNDLE_IDENTIFIER = josejoao.App;
				PRODUCT_NAME = "$(TARGET_NAME)";
				SWIFT_VERSION = 5.0;
				TARGETED_DEVICE_FAMILY = "1,2";
			};
			name = Release;
		};
		A233DD082657FD070055EAA9 /* Debug */ = {
			isa = XCBuildConfiguration;
			buildSettings = {
				ALWAYS_EMBED_SWIFT_STANDARD_LIBRARIES = YES;
				BUNDLE_LOADER = "$(TEST_HOST)";
				CODE_SIGN_STYLE = Automatic;
				DEVELOPMENT_TEAM = D56NG2Q3UR;
				INFOPLIST_FILE = AppTests/Info.plist;
				IPHONEOS_DEPLOYMENT_TARGET = 14.0;
				LD_RUNPATH_SEARCH_PATHS = (
					"$(inherited)",
					"@executable_path/Frameworks",
					"@loader_path/Frameworks",
				);
				PRODUCT_BUNDLE_IDENTIFIER = josejoao.AppTests;
				PRODUCT_NAME = "$(TARGET_NAME)";
				SWIFT_VERSION = 5.0;
				TARGETED_DEVICE_FAMILY = "1,2";
				TEST_HOST = "$(BUILT_PRODUCTS_DIR)/App.app/App";
			};
			name = Debug;
		};
		A233DD092657FD070055EAA9 /* Release */ = {
			isa = XCBuildConfiguration;
			buildSettings = {
				ALWAYS_EMBED_SWIFT_STANDARD_LIBRARIES = YES;
				BUNDLE_LOADER = "$(TEST_HOST)";
				CODE_SIGN_STYLE = Automatic;
				DEVELOPMENT_TEAM = D56NG2Q3UR;
				INFOPLIST_FILE = AppTests/Info.plist;
				IPHONEOS_DEPLOYMENT_TARGET = 14.0;
				LD_RUNPATH_SEARCH_PATHS = (
					"$(inherited)",
					"@executable_path/Frameworks",
					"@loader_path/Frameworks",
				);
				PRODUCT_BUNDLE_IDENTIFIER = josejoao.AppTests;
				PRODUCT_NAME = "$(TARGET_NAME)";
				SWIFT_VERSION = 5.0;
				TARGETED_DEVICE_FAMILY = "1,2";
				TEST_HOST = "$(BUILT_PRODUCTS_DIR)/App.app/App";
			};
			name = Release;
		};
		A233DD0B2657FD070055EAA9 /* Debug */ = {
			isa = XCBuildConfiguration;
			buildSettings = {
				ALWAYS_EMBED_SWIFT_STANDARD_LIBRARIES = YES;
				CODE_SIGN_STYLE = Automatic;
				DEVELOPMENT_TEAM = D56NG2Q3UR;
				INFOPLIST_FILE = AppUITests/Info.plist;
				LD_RUNPATH_SEARCH_PATHS = (
					"$(inherited)",
					"@executable_path/Frameworks",
					"@loader_path/Frameworks",
				);
				PRODUCT_BUNDLE_IDENTIFIER = josejoao.AppUITests;
				PRODUCT_NAME = "$(TARGET_NAME)";
				SWIFT_VERSION = 5.0;
				TARGETED_DEVICE_FAMILY = "1,2";
				TEST_TARGET_NAME = App;
			};
			name = Debug;
		};
		A233DD0C2657FD070055EAA9 /* Release */ = {
			isa = XCBuildConfiguration;
			buildSettings = {
				ALWAYS_EMBED_SWIFT_STANDARD_LIBRARIES = YES;
				CODE_SIGN_STYLE = Automatic;
				DEVELOPMENT_TEAM = D56NG2Q3UR;
				INFOPLIST_FILE = AppUITests/Info.plist;
				LD_RUNPATH_SEARCH_PATHS = (
					"$(inherited)",
					"@executable_path/Frameworks",
					"@loader_path/Frameworks",
				);
				PRODUCT_BUNDLE_IDENTIFIER = josejoao.AppUITests;
				PRODUCT_NAME = "$(TARGET_NAME)";
				SWIFT_VERSION = 5.0;
				TARGETED_DEVICE_FAMILY = "1,2";
				TEST_TARGET_NAME = App;
			};
			name = Release;
		};
/* End XCBuildConfiguration section */

/* Begin XCConfigurationList section */
		A233DCD52657FD040055EAA9 /* Build configuration list for PBXProject "App" */ = {
			isa = XCConfigurationList;
			buildConfigurations = (
				A233DD022657FD070055EAA9 /* Debug */,
				A233DD032657FD070055EAA9 /* Release */,
			);
			defaultConfigurationIsVisible = 0;
			defaultConfigurationName = Release;
		};
		A233DD042657FD070055EAA9 /* Build configuration list for PBXNativeTarget "App" */ = {
			isa = XCConfigurationList;
			buildConfigurations = (
				A233DD052657FD070055EAA9 /* Debug */,
				A233DD062657FD070055EAA9 /* Release */,
			);
			defaultConfigurationIsVisible = 0;
			defaultConfigurationName = Release;
		};
		A233DD072657FD070055EAA9 /* Build configuration list for PBXNativeTarget "AppTests" */ = {
			isa = XCConfigurationList;
			buildConfigurations = (
				A233DD082657FD070055EAA9 /* Debug */,
				A233DD092657FD070055EAA9 /* Release */,
			);
			defaultConfigurationIsVisible = 0;
			defaultConfigurationName = Release;
		};
		A233DD0A2657FD070055EAA9 /* Build configuration list for PBXNativeTarget "AppUITests" */ = {
			isa = XCConfigurationList;
			buildConfigurations = (
				A233DD0B2657FD070055EAA9 /* Debug */,
				A233DD0C2657FD070055EAA9 /* Release */,
			);
			defaultConfigurationIsVisible = 0;
			defaultConfigurationName = Release;
		};
/* End XCConfigurationList section */

/* Begin XCRemoteSwiftPackageReference section */
		D1F0D2672659C71D00E89B3D /* XCRemoteSwiftPackageReference "Alamofire" */ = {
			isa = XCRemoteSwiftPackageReference;
			repositoryURL = "https://github.com/Alamofire/Alamofire.git";
			requirement = {
				kind = upToNextMajorVersion;
				minimumVersion = 5.4.3;
			};
		};
/* End XCRemoteSwiftPackageReference section */

/* Begin XCSwiftPackageProductDependency section */
		D1F0D2682659C71D00E89B3D /* Alamofire */ = {
			isa = XCSwiftPackageProductDependency;
			package = D1F0D2672659C71D00E89B3D /* XCRemoteSwiftPackageReference "Alamofire" */;
			productName = Alamofire;
		};
/* End XCSwiftPackageProductDependency section */

/* Begin XCVersionGroup section */
		A233DCE82657FD060055EAA9 /* App.xcdatamodeld */ = {
			isa = XCVersionGroup;
			children = (
				A233DCE92657FD060055EAA9 /* App.xcdatamodel */,
			);
			currentVersion = A233DCE92657FD060055EAA9 /* App.xcdatamodel */;
			path = App.xcdatamodeld;
			sourceTree = "<group>";
			versionGroupType = wrapper.xcdatamodel;
		};
/* End XCVersionGroup section */
	};
	rootObject = A233DCD22657FD040055EAA9 /* Project object */;
}
